
Microsoft Visual Studio Solution File, Format Version 12.00
# Visual Studio Version 16
VisualStudioVersion = 16.0.30011.22
MinimumVisualStudioVersion = 10.0.40219.1
Project("{FAE04EC0-301F-11D3-BF4B-00C04F79EFBC}") = "EvaluacionQS", "EvaluacionQS\EvaluacionQS.csproj", "{BBC92585-D3CF-4B7E-B30C-866C71B53409}"
EndProject
Global
	GlobalSection(SolutionConfigurationPlatforms) = preSolution
		Debug|Any CPU = Debug|Any CPU
		Release|Any CPU = Release|Any CPU
	EndGlobalSection
	GlobalSection(ProjectConfigurationPlatforms) = postSolution
		{BBC92585-D3CF-4B7E-B30C-866C71B53409}.Debug|Any CPU.ActiveCfg = Debug|Any CPU
		{BBC92585-D3CF-4B7E-B30C-866C71B53409}.Debug|Any CPU.Build.0 = Debug|Any CPU
		{BBC92585-D3CF-4B7E-B30C-866C71B53409}.Release|Any CPU.ActiveCfg = Release|Any CPU
		{BBC92585-D3CF-4B7E-B30C-866C71B53409}.Release|Any CPU.Build.0 = Release|Any CPU
	EndGlobalSection
	GlobalSection(SolutionProperties) = preSolution
		HideSolutionNode = FALSE
	EndGlobalSection
	GlobalSection(ExtensibilityGlobals) = postSolution
		SolutionGuid = {F54B4449-1F11-4F0E-899A-ADC8DC5CA55A}
	EndGlobalSection
EndGlobal
